
Microsoft Visual Studio Solution File, Format Version 12.00
# Visual Studio Version 17
VisualStudioVersion = 17.14.36414.22 d17.14
MinimumVisualStudioVersion = 10.0.40219.1
Project("{FAE04EC0-301F-11D3-BF4B-00C04F79EFBC}") = "SistemaDeArchivo Gerarquico", "SistemaDeArchivo Gerarquico\SistemaDeArchivo Gerarquico.csproj", "{FBDFA2AE-47D2-48E6-9D3A-38CA75D86F34}"
EndProject
Global
	GlobalSection(SolutionConfigurationPlatforms) = preSolution
		Debug|Any CPU = Debug|Any CPU
		Release|Any CPU = Release|Any CPU
	EndGlobalSection
	GlobalSection(ProjectConfigurationPlatforms) = postSolution
		{FBDFA2AE-47D2-48E6-9D3A-38CA75D86F34}.Debug|Any CPU.ActiveCfg = Debug|Any CPU
		{FBDFA2AE-47D2-48E6-9D3A-38CA75D86F34}.Debug|Any CPU.Build.0 = Debug|Any CPU
		{FBDFA2AE-47D2-48E6-9D3A-38CA75D86F34}.Release|Any CPU.ActiveCfg = Release|Any CPU
		{FBDFA2AE-47D2-48E6-9D3A-38CA75D86F34}.Release|Any CPU.Build.0 = Release|Any CPU
	EndGlobalSection
	GlobalSection(SolutionProperties) = preSolution
		HideSolutionNode = FALSE
	EndGlobalSection
	GlobalSection(ExtensibilityGlobals) = postSolution
		SolutionGuid = {D75239A3-0E89-4764-8170-19FEDD9F3B06}
	EndGlobalSection
EndGlobal
